{
  "name": "video-extracter",
  "version": "1.0.0",
  "lockfileVersion": 1,
  "requires": true,
  "dependencies": {
    "ffmpeg": {
      "version": "0.0.4",
      "resolved": "http://registry.npm.taobao.org/ffmpeg/download/ffmpeg-0.0.4.tgz",
      "integrity": "sha1-HEYN+OfaUSf2LO70v6BsWciWMMs=",
      "requires": {
        "when": ">= 0.0.1"
      }
    },
    "when": {
      "version": "3.7.8",
      "resolved": "http://registry.npm.taobao.org/when/download/when-3.7.8.tgz",
      "integrity": "sha1-xxMLan6gRpPoQs3J56Hyqjmjn4I="
    }
  }
}
